
Microsoft Visual Studio Solution File, Format Version 12.00
# Visual Studio 15
VisualStudioVersion = 15.0.28307.1082
MinimumVisualStudioVersion = 10.0.40219.1
Project("{2150E333-8FDC-42A3-9474-1A3956D46DE8}") = "Solution Items", "Solution Items", "{537CAD3F-FD56-4859-93FD-7635DE6AFB63}"
	ProjectSection(SolutionItems) = preProject
		iFrog.html = iFrog.html
		index.html = index.html
		index2.html = index2.html
		portfolio.html = portfolio.html
		power-arm.html = power-arm.html
		resume_and_skills.html = resume_and_skills.html
		assets\css\style.css = assets\css\style.css
	EndProjectSection
EndProject
Global
	GlobalSection(SolutionProperties) = preSolution
		HideSolutionNode = FALSE
	EndGlobalSection
	GlobalSection(ExtensibilityGlobals) = postSolution
		SolutionGuid = {808B9880-C368-4E55-84B2-5D1BCF912639}
	EndGlobalSection
EndGlobal
